{
  "name": "@curly-message/site",
  "version": "0.0.0",
  "lockfileVersion": 3,
  "requires": true,
  "packages": {
    "": {
      "name": "@curly-message/site",
      "version": "0.0.0",
      "devDependencies": {
        "@curly-message/parser": "^1.0.0",
        "marked": "^18.0.12"
      },
      "engines": {
        "node": ">=22"
      }
    },
    "node_modules/@curly-message/parser": {
      "version": "1.0.0",
      "resolved": "https://registry.npmjs.org/@curly-message/parser/-/parser-1.0.0.tgz",
      "integrity": "sha512-sYbnZd04qrgGeFQS+oOyCHXAc7lFFljXyD0BwRkEDc4kheXjU4pB3nHHCqq3ai4yMmmNgDfgbC5yi4b1GGKmLw==",
      "dev": true,
      "license": "MIT",
      "engines": {
        "node": ">=22"
      }
    },
    "node_modules/marked": {
      "version": "18.0.12",
      "resolved": "https://registry.npmjs.org/marked/-/marked-18.0.12.tgz",
      "integrity": "sha512-LEm4ga2YeI2T3GVHj9b0BaDPPk93LLTHMFeMyQbNIzPxc8vCI0y/scy0ZA6z6lXKyT9j9Nhl/OC6ZYKYGuFScA==",
      "dev": true,
      "license": "MIT",
      "bin": {
        "marked": "bin/marked.js"
      },
      "engines": {
        "node": ">= 20"
      }
    }
  }
}
