{
  "name": "@curly-message/site",
  "version": "0.0.0",
  "lockfileVersion": 3,
  "requires": true,
  "packages": {
    "": {
      "name": "@curly-message/site",
      "version": "0.0.0",
      "devDependencies": {
        "@curly-message/parser": "^3.1.2",
        "marked": "^18.0.12",
        "playwright-core": "1.56.1"
      },
      "engines": {
        "node": ">=22"
      }
    },
    "node_modules/@curly-message/parser": {
      "version": "3.1.2",
      "resolved": "https://registry.npmjs.org/@curly-message/parser/-/parser-3.1.2.tgz",
      "integrity": "sha512-c10/p5apPCN36S2ydM0C00AkXPh1swssnNFPJKmMYmTn8kq2clKvSXkXiMDepBcMei10/SRHMNWso2Um2+YVJA==",
      "dev": true,
      "license": "MIT",
      "engines": {
        "node": ">=22"
      }
    },
    "node_modules/marked": {
      "version": "18.0.12",
      "resolved": "https://registry.npmjs.org/marked/-/marked-18.0.12.tgz",
      "integrity": "sha512-LEm4ga2YeI2T3GVHj9b0BaDPPk93LLTHMFeMyQbNIzPxc8vCI0y/scy0ZA6z6lXKyT9j9Nhl/OC6ZYKYGuFScA==",
      "dev": true,
      "license": "MIT",
      "bin": {
        "marked": "bin/marked.js"
      },
      "engines": {
        "node": ">= 20"
      }
    },
    "node_modules/playwright-core": {
      "version": "1.56.1",
      "resolved": "https://registry.npmjs.org/playwright-core/-/playwright-core-1.56.1.tgz",
      "integrity": "sha512-hutraynyn31F+Bifme+Ps9Vq59hKuUCz7H1kDOcBs+2oGguKkWTU50bBWrtz34OUWmIwpBTWDxaRPXrIXkgvmQ==",
      "dev": true,
      "license": "Apache-2.0",
      "bin": {
        "playwright-core": "cli.js"
      },
      "engines": {
        "node": ">=18"
      }
    }
  }
}
